PODS:
  - Alamofire (4.5.0)
  - AlamofireSwiftyJSON (1.0.0):
    - Alamofire (~> 4.0)
    - SwiftyJSON (~> 3.0)
  - CocoaLumberjack (3.2.1):
    - CocoaLumberjack/Default (= 3.2.1)
    - CocoaLumberjack/Extensions (= 3.2.1)
  - CocoaLumberjack/Default (3.2.1)
  - CocoaLumberjack/Extensions (3.2.1):
    - CocoaLumberjack/Default
  - DRNSnackBar (0.0.1)
  - MRProgress (0.8.3):
    - MRProgress/ActivityIndicator (= 0.8.3)
    - MRProgress/Blur (= 0.8.3)
    - MRProgress/Circular (= 0.8.3)
    - MRProgress/Icons (= 0.8.3)
    - MRProgress/NavigationBarProgress (= 0.8.3)
    - MRProgress/Overlay (= 0.8.3)
  - MRProgress/ActivityIndicator (0.8.3):
    - MRProgress/Stopable
  - MRProgress/Blur (0.8.3):
    - MRProgress/Helper
  - MRProgress/Circular (0.8.3):
    - MRProgress/Helper
    - MRProgress/ProgressBaseClass
    - MRProgress/Stopable
  - MRProgress/Helper (0.8.3)
  - MRProgress/Icons (0.8.3)
  - MRProgress/NavigationBarProgress (0.8.3):
    - MRProgress/ProgressBaseClass
  - MRProgress/Overlay (0.8.3):
    - MRProgress/ActivityIndicator
    - MRProgress/Blur
    - MRProgress/Circular
    - MRProgress/Helper
    - MRProgress/Icons
  - MRProgress/ProgressBaseClass (0.8.3)
  - MRProgress/Stopable (0.8.3):
    - MRProgress/Helper
  - PromiseKit (4.4.0):
    - PromiseKit/Foundation (= 4.4.0)
    - PromiseKit/QuartzCore (= 4.4.0)
    - PromiseKit/UIKit (= 4.4.0)
  - PromiseKit/AssetsLibrary (4.4.0):
    - PromiseKit/CorePromise
  - PromiseKit/CorePromise (4.4.0)
  - PromiseKit/Foundation (4.4.0):
    - PromiseKit/CorePromise
  - PromiseKit/MessageUI (4.4.0):
    - PromiseKit/CorePromise
  - PromiseKit/QuartzCore (4.4.0):
    - PromiseKit/CorePromise
  - PromiseKit/UIKit (4.4.0):
    - PromiseKit/CorePromise
  - R.swift (3.3.0):
    - R.swift.Library (~> 3.0.2)
  - R.swift.Library (3.0.2)
  - RSKImageCropper (1.6.3)
  - SwiftyJSON (3.1.4)

DEPENDENCIES:
  - AlamofireSwiftyJSON
  - CocoaLumberjack
  - DRNSnackBar
  - MRProgress
  - PromiseKit
  - PromiseKit/AssetsLibrary
  - PromiseKit/MessageUI
  - R.swift
  - RSKImageCropper

SPEC CHECKSUMS:
  Alamofire: f28cdffd29de33a7bfa022cbd63ae95a27fae140
  AlamofireSwiftyJSON: 78908b766483a28aa5cc90fd191a687467042973
  CocoaLumberjack: 2800c03334042fe80589423c8d80e582dcaec482
  DRNSnackBar: 227cc12275ae405bb62e5c598b920cacc04b3a2d
  MRProgress: 16de7cc9f347e8846797a770db102a323fe7ef09
  PromiseKit: ecf5fe92275d57ee77c9ede858af47a162e9b97e
  R.swift: bde9704d50ff36820f49e266bc88ef545e1e9b36
  R.swift.Library: fbdec16c9802ad104fc1ba53415dc190e6ec5c73
  RSKImageCropper: 356e36fc58c57c371b5d8b23d603936d6a73df6c
  SwiftyJSON: c2842d878f95482ffceec5709abc3d05680c0220

PODFILE CHECKSUM: 20669e2e9b4140705516878cd0f958a01b47cfe5

COCOAPODS: 1.2.1
