// !$*UTF8*$!
{
	archiveVersion = 1;
	classes = {
	};
	objectVersion = 46;
	objects = {

/* Begin PBXBuildFile section */
		0EBD292BB6568C34F93754EC /* Pods_SkillCloud.framework in Frameworks */ = {isa = PBXBuildFile; fileRef = 0973088A39C9FDA46F42FEC2 /* Pods_SkillCloud.framework */; };
		C80A918F1CB5206800529F0B /* GoogleImageCollectionViewCell.swift in Sources */ = {isa = PBXBuildFile; fileRef = C80A918E1CB5206800529F0B /* GoogleImageCollectionViewCell.swift */; };
		C80A91911CB5208200529F0B /* GoogleImage.swift in Sources */ = {isa = PBXBuildFile; fileRef = C80A91901CB5208200529F0B /* GoogleImage.swift */; };
		C863048E1CC6417E002C068C /* EditSkillNode.swift in Sources */ = {isa = PBXBuildFile; fileRef = C863048D1CC6417E002C068C /* EditSkillNode.swift */; };
		C86304921CC646B1002C068C /* SkillsViewController.swift in Sources */ = {isa = PBXBuildFile; fileRef = C86304911CC646B1002C068C /* SkillsViewController.swift */; };
		C88EB4861CB5050D002B9592 /* GoogleImagesCollectionViewController.swift in Sources */ = {isa = PBXBuildFile; fileRef = C88EB4851CB5050D002B9592 /* GoogleImagesCollectionViewController.swift */; };
		C88EB4881CB50580002B9592 /* GoogleImages.storyboard in Resources */ = {isa = PBXBuildFile; fileRef = C88EB4871CB50580002B9592 /* GoogleImages.storyboard */; };
		C8DF6D241CC5017A009CDBFA /* AddViewController.swift in Sources */ = {isa = PBXBuildFile; fileRef = C8DF6D231CC5017A009CDBFA /* AddViewController.swift */; };
		C8DF6D261CC5033F009CDBFA /* AddScene.swift in Sources */ = {isa = PBXBuildFile; fileRef = C8DF6D251CC5033F009CDBFA /* AddScene.swift */; };
		C8DF6D281CC503A0009CDBFA /* AddScene.sks in Resources */ = {isa = PBXBuildFile; fileRef = C8DF6D271CC503A0009CDBFA /* AddScene.sks */; };
		C8F55CA61CFC264300208F88 /* SkillNode.swift in Sources */ = {isa = PBXBuildFile; fileRef = C8F55CA51CFC264300208F88 /* SkillNode.swift */; };
		C8F55CAF1CFC323000208F88 /* BaseNodeEntity+CoreDataProperties.swift in Sources */ = {isa = PBXBuildFile; fileRef = C8F55CA71CFC323000208F88 /* BaseNodeEntity+CoreDataProperties.swift */; };
		C8F55CB01CFC323000208F88 /* BaseNodeEntity.swift in Sources */ = {isa = PBXBuildFile; fileRef = C8F55CA81CFC323000208F88 /* BaseNodeEntity.swift */; };
		C8F55CB11CFC323000208F88 /* GraphCloudEntity+CoreDataProperties.swift in Sources */ = {isa = PBXBuildFile; fileRef = C8F55CA91CFC323000208F88 /* GraphCloudEntity+CoreDataProperties.swift */; };
		C8F55CB21CFC323000208F88 /* GraphCloudEntity.swift in Sources */ = {isa = PBXBuildFile; fileRef = C8F55CAA1CFC323000208F88 /* GraphCloudEntity.swift */; };
		C8F55CB31CFC323000208F88 /* BrainNodeEntity+CoreDataProperties.swift in Sources */ = {isa = PBXBuildFile; fileRef = C8F55CAB1CFC323000208F88 /* BrainNodeEntity+CoreDataProperties.swift */; };
		C8F55CB41CFC323000208F88 /* BrainNodeEntity.swift in Sources */ = {isa = PBXBuildFile; fileRef = C8F55CAC1CFC323000208F88 /* BrainNodeEntity.swift */; };
		C8F55CB51CFC323000208F88 /* SkillNodeEntity+CoreDataProperties.swift in Sources */ = {isa = PBXBuildFile; fileRef = C8F55CAD1CFC323000208F88 /* SkillNodeEntity+CoreDataProperties.swift */; };
		C8F55CB61CFC323000208F88 /* SkillNodeEntity.swift in Sources */ = {isa = PBXBuildFile; fileRef = C8F55CAE1CFC323000208F88 /* SkillNodeEntity.swift */; };
		C8FF6F001CB3F9F5000B276E /* AnyAPI.swift in Sources */ = {isa = PBXBuildFile; fileRef = C8FF6EFF1CB3F9F5000B276E /* AnyAPI.swift */; };
		FE0522B21CAEEF8000315468 /* CloudViewController.swift in Sources */ = {isa = PBXBuildFile; fileRef = FE0522B11CAEEF8000315468 /* CloudViewController.swift */; };
		FE0522D81CAFE46600315468 /* SpriteKit.framework in Frameworks */ = {isa = PBXBuildFile; fileRef = FE0522D71CAFE46600315468 /* SpriteKit.framework */; };
		FE0522DB1CAFE5CC00315468 /* CloudGraphScene.sks in Resources */ = {isa = PBXBuildFile; fileRef = FE0522DA1CAFE5CC00315468 /* CloudGraphScene.sks */; };
		FE0522DD1CAFE69500315468 /* CloudGraphScene.swift in Sources */ = {isa = PBXBuildFile; fileRef = FE0522DC1CAFE69500315468 /* CloudGraphScene.swift */; };
		FE0522E01CB0157800315468 /* BrainNode.swift in Sources */ = {isa = PBXBuildFile; fileRef = FE0522DF1CB0157800315468 /* BrainNode.swift */; };
		FE0522E21CB01BBF00315468 /* Node.swift in Sources */ = {isa = PBXBuildFile; fileRef = FE0522E11CB01BBF00315468 /* Node.swift */; };
		FE0522E61CB02D6600315468 /* all_base_nodes.json in Resources */ = {isa = PBXBuildFile; fileRef = FE0522E51CB02D6600315468 /* all_base_nodes.json */; };
		FE1CDFEB1C9DDCF40043485B /* SkillCollectionViewCell.swift in Sources */ = {isa = PBXBuildFile; fileRef = FE1CDFEA1C9DDCF40043485B /* SkillCollectionViewCell.swift */; };
		FE1FFCAF1D258B5A00E6F6C6 /* RootTabBarViewController.swift in Sources */ = {isa = PBXBuildFile; fileRef = FE1FFCAE1D258B5A00E6F6C6 /* RootTabBarViewController.swift */; };
		FE2151451D1F3435005BC8B1 /* CloudContainer.swift in Sources */ = {isa = PBXBuildFile; fileRef = FE2151441D1F3435005BC8B1 /* CloudContainer.swift */; };
		FE2E6BE81D16982900B86D8A /* CloudKit.framework in Frameworks */ = {isa = PBXBuildFile; fileRef = FE2E6BE71D16982900B86D8A /* CloudKit.framework */; };
		FE31DB091C9CA1240006D9EE /* CanvasBoard.swift in Sources */ = {isa = PBXBuildFile; fileRef = FE31DAEA1C9CA1240006D9EE /* CanvasBoard.swift */; };
		FE31DB0A1C9CA1240006D9EE /* Field.swift in Sources */ = {isa = PBXBuildFile; fileRef = FE31DAEB1C9CA1240006D9EE /* Field.swift */; };
		FE31DB0B1C9CA1240006D9EE /* Place.swift in Sources */ = {isa = PBXBuildFile; fileRef = FE31DAEC1C9CA1240006D9EE /* Place.swift */; };
		FE31DB0C1C9CA1240006D9EE /* Position.swift in Sources */ = {isa = PBXBuildFile; fileRef = FE31DAED1C9CA1240006D9EE /* Position.swift */; };
		FE31DB0D1C9CA1240006D9EE /* Skill.swift in Sources */ = {isa = PBXBuildFile; fileRef = FE31DAEE1C9CA1240006D9EE /* Skill.swift */; };
		FE31DB0E1C9CA1240006D9EE /* AppDelegate.swift in Sources */ = {isa = PBXBuildFile; fileRef = FE31DAF01C9CA1240006D9EE /* AppDelegate.swift */; };
		FE31DB0F1C9CA1240006D9EE /* CommonExtensions.swift in Sources */ = {isa = PBXBuildFile; fileRef = FE31DAF11C9CA1240006D9EE /* CommonExtensions.swift */; };
		FE31DB101C9CA1240006D9EE /* ImagesAPI.swift in Sources */ = {isa = PBXBuildFile; fileRef = FE31DAF21C9CA1240006D9EE /* ImagesAPI.swift */; };
		FE31DB131C9CA1240006D9EE /* GeneratorViewController.swift in Sources */ = {isa = PBXBuildFile; fileRef = FE31DAF61C9CA1240006D9EE /* GeneratorViewController.swift */; };
		FE31DB141C9CA1240006D9EE /* CanvasView.swift in Sources */ = {isa = PBXBuildFile; fileRef = FE31DAF81C9CA1240006D9EE /* CanvasView.swift */; };
		FE31DB151C9CA1240006D9EE /* PossiblePlaceView.swift in Sources */ = {isa = PBXBuildFile; fileRef = FE31DAF91C9CA1240006D9EE /* PossiblePlaceView.swift */; };
		FE31DB161C9CA1240006D9EE /* SkillTableViewCell.swift in Sources */ = {isa = PBXBuildFile; fileRef = FE31DAFA1C9CA1240006D9EE /* SkillTableViewCell.swift */; };
		FE31DB191C9CA1240006D9EE /* LaunchScreen.storyboard in Resources */ = {isa = PBXBuildFile; fileRef = FE31DB001C9CA1240006D9EE /* LaunchScreen.storyboard */; };
		FE31DB1A1C9CA1240006D9EE /* Main.storyboard in Resources */ = {isa = PBXBuildFile; fileRef = FE31DB021C9CA1240006D9EE /* Main.storyboard */; };
		FE31DB1B1C9CA1240006D9EE /* OccupiedPlaceView.xib in Resources */ = {isa = PBXBuildFile; fileRef = FE31DB051C9CA1240006D9EE /* OccupiedPlaceView.xib */; };
		FE31DB1C1C9CA1240006D9EE /* PossiblePlaceView.xib in Resources */ = {isa = PBXBuildFile; fileRef = FE31DB061C9CA1240006D9EE /* PossiblePlaceView.xib */; };
		FE31DB201C9CA1DC0006D9EE /* SkillCloud.xcdatamodeld in Sources */ = {isa = PBXBuildFile; fileRef = FE31DB1E1C9CA1DC0006D9EE /* SkillCloud.xcdatamodeld */; };
		FE32AB101D271CBF0099B8B6 /* CloudSelectionViewController.swift in Sources */ = {isa = PBXBuildFile; fileRef = FE32AB0F1D271CBF0099B8B6 /* CloudSelectionViewController.swift */; };
		FE32AB121D271DEF0099B8B6 /* CloudSelectScene.sks in Resources */ = {isa = PBXBuildFile; fileRef = FE32AB111D271DEF0099B8B6 /* CloudSelectScene.sks */; };
		FE60C9E71D22C34C001129C8 /* CloudKit+Promises.swift in Sources */ = {isa = PBXBuildFile; fileRef = FE60C9E61D22C34C001129C8 /* CloudKit+Promises.swift */; };
		FE60C9E91D22C4EE001129C8 /* ImageAsset.swift in Sources */ = {isa = PBXBuildFile; fileRef = FE60C9E81D22C4EE001129C8 /* ImageAsset.swift */; };
		FE6E688E1D1FD4BC00A72022 /* CloudSkillsViewController.swift in Sources */ = {isa = PBXBuildFile; fileRef = FE6E688D1D1FD4BC00A72022 /* CloudSkillsViewController.swift */; };
		FE712CAF1D15CA0B00C954CA /* ExperienceSelectNode.swift in Sources */ = {isa = PBXBuildFile; fileRef = FE712CAE1D15CA0B00C954CA /* ExperienceSelectNode.swift */; };
		FE766D361C9D80010079CA29 /* DataManager.swift in Sources */ = {isa = PBXBuildFile; fileRef = FE766D351C9D80010079CA29 /* DataManager.swift */; };
		FE766D411C9D82780079CA29 /* SkillEntity+CoreDataProperties.swift in Sources */ = {isa = PBXBuildFile; fileRef = FE766D3F1C9D82780079CA29 /* SkillEntity+CoreDataProperties.swift */; };
		FE766D421C9D82780079CA29 /* SkillEntity.swift in Sources */ = {isa = PBXBuildFile; fileRef = FE766D401C9D82780079CA29 /* SkillEntity.swift */; };
		FE9F6EDE1D283433008B3BC3 /* CloudSelectScene.swift in Sources */ = {isa = PBXBuildFile; fileRef = FE9F6EDD1D283433008B3BC3 /* CloudSelectScene.swift */; };
		FE9F6EE01D2849FD008B3BC3 /* CloudNode.swift in Sources */ = {isa = PBXBuildFile; fileRef = FE9F6EDF1D2849FD008B3BC3 /* CloudNode.swift */; };
		FE9F6EE31D284E9F008B3BC3 /* CGStructures+Convenience.swift in Sources */ = {isa = PBXBuildFile; fileRef = FE9F6EE21D284E9F008B3BC3 /* CGStructures+Convenience.swift */; };
		FE9F6EE51D284EE3008B3BC3 /* UIColor+Extensions.swift in Sources */ = {isa = PBXBuildFile; fileRef = FE9F6EE41D284EE3008B3BC3 /* UIColor+Extensions.swift */; };
		FE9F6EE71D284F15008B3BC3 /* Array+Extensions.swift in Sources */ = {isa = PBXBuildFile; fileRef = FE9F6EE61D284F15008B3BC3 /* Array+Extensions.swift */; };
		FE9F6EEB1D28500C008B3BC3 /* CocoaLumberjack.swift in Sources */ = {isa = PBXBuildFile; fileRef = FE9F6EEA1D28500C008B3BC3 /* CocoaLumberjack.swift */; };
		FE9F6EED1D285031008B3BC3 /* UIImage+RBResizer.swift in Sources */ = {isa = PBXBuildFile; fileRef = FE9F6EEC1D285031008B3BC3 /* UIImage+RBResizer.swift */; };
		FEB88E741CB6FD8500EED249 /* Assets.xcassets in Resources */ = {isa = PBXBuildFile; fileRef = FEB88E731CB6FD8500EED249 /* Assets.xcassets */; };
		FEB96C561CFB3B2B000BA362 /* CloudExportViewController.swift in Sources */ = {isa = PBXBuildFile; fileRef = FEB96C551CFB3B2B000BA362 /* CloudExportViewController.swift */; };
		FEB96C581CFB5D53000BA362 /* ConstantsAndDefines.swift in Sources */ = {isa = PBXBuildFile; fileRef = FEB96C571CFB5D53000BA362 /* ConstantsAndDefines.swift */; };
		FEE50AA01D2493F70024060D /* CKRecordMappable.swift in Sources */ = {isa = PBXBuildFile; fileRef = FEE50A9F1D2493F70024060D /* CKRecordMappable.swift */; };
		FEE50AA21D2494100024060D /* CKRecordConvertible.swift in Sources */ = {isa = PBXBuildFile; fileRef = FEE50AA11D2494100024060D /* CKRecordConvertible.swift */; };
		FEE50AA41D24941E0024060D /* CKRecordSyncable.swift in Sources */ = {isa = PBXBuildFile; fileRef = FEE50AA31D24941E0024060D /* CKRecordSyncable.swift */; };
/* End PBXBuildFile section */

/* Begin PBXCopyFilesBuildPhase section */
		FEAFD1271C9DB27A00E94633 /* Embed Frameworks */ = {
			isa = PBXCopyFilesBuildPhase;
			buildActionMask = 2147483647;
			dstPath = "";
			dstSubfolderSpec = 10;
			files = (
			);
			name = "Embed Frameworks";
			runOnlyForDeploymentPostprocessing = 0;
		};
/* End PBXCopyFilesBuildPhase section */

/* Begin PBXFileReference section */
		0973088A39C9FDA46F42FEC2 /* Pods_SkillCloud.framework */ = {isa = PBXFileReference; explicitFileType = wrapper.framework; includeInIndex = 0; path = Pods_SkillCloud.framework; sourceTree = BUILT_PRODUCTS_DIR; };
		1712187C40B694294151165F /* Pods-SkillCloud.release.xcconfig */ = {isa = PBXFileReference; includeInIndex = 1; lastKnownFileType = text.xcconfig; name = "Pods-SkillCloud.release.xcconfig"; path = "Pods/Target Support Files/Pods-SkillCloud/Pods-SkillCloud.release.xcconfig"; sourceTree = "<group>"; };
		475C05D26AD5AF1583C89837 /* Pods-SkillCloud.debug.xcconfig */ = {isa = PBXFileReference; includeInIndex = 1; lastKnownFileType = text.xcconfig; name = "Pods-SkillCloud.debug.xcconfig"; path = "Pods/Target Support Files/Pods-SkillCloud/Pods-SkillCloud.debug.xcconfig"; sourceTree = "<group>"; };
		C80A918E1CB5206800529F0B /* GoogleImageCollectionViewCell.swift */ = {isa = PBXFileReference; fileEncoding = 4; lastKnownFileType = sourcecode.swift; path = GoogleImageCollectionViewCell.swift; sourceTree = "<group>"; };
		C80A91901CB5208200529F0B /* GoogleImage.swift */ = {isa = PBXFileReference; fileEncoding = 4; lastKnownFileType = sourcecode.swift; path = GoogleImage.swift; sourceTree = "<group>"; };
		C863048D1CC6417E002C068C /* EditSkillNode.swift */ = {isa = PBXFileReference; fileEncoding = 4; lastKnownFileType = sourcecode.swift; path = EditSkillNode.swift; sourceTree = "<group>"; };
		C86304911CC646B1002C068C /* SkillsViewController.swift */ = {isa = PBXFileReference; fileEncoding = 4; lastKnownFileType = sourcecode.swift; path = SkillsViewController.swift; sourceTree = "<group>"; };
		C88EB4851CB5050D002B9592 /* GoogleImagesCollectionViewController.swift */ = {isa = PBXFileReference; fileEncoding = 4; lastKnownFileType = sourcecode.swift; path = GoogleImagesCollectionViewController.swift; sourceTree = "<group>"; };
		C88EB4871CB50580002B9592 /* GoogleImages.storyboard */ = {isa = PBXFileReference; fileEncoding = 4; lastKnownFileType = file.storyboard; path = GoogleImages.storyboard; sourceTree = "<group>"; };
		C8A4A0431C981B6C004E055D /* SkillCloud.app */ = {isa = PBXFileReference; explicitFileType = wrapper.application; includeInIndex = 0; path = SkillCloud.app; sourceTree = BUILT_PRODUCTS_DIR; };
		C8DF6D231CC5017A009CDBFA /* AddViewController.swift */ = {isa = PBXFileReference; fileEncoding = 4; lastKnownFileType = sourcecode.swift; path = AddViewController.swift; sourceTree = "<group>"; };
		C8DF6D251CC5033F009CDBFA /* AddScene.swift */ = {isa = PBXFileReference; fileEncoding = 4; lastKnownFileType = sourcecode.swift; path = AddScene.swift; sourceTree = "<group>"; };
		C8DF6D271CC503A0009CDBFA /* AddScene.sks */ = {isa = PBXFileReference; lastKnownFileType = file.sks; path = AddScene.sks; sourceTree = "<group>"; };
		C8F55CA51CFC264300208F88 /* SkillNode.swift */ = {isa = PBXFileReference; fileEncoding = 4; lastKnownFileType = sourcecode.swift; path = SkillNode.swift; sourceTree = "<group>"; };
		C8F55CA71CFC323000208F88 /* BaseNodeEntity+CoreDataProperties.swift */ = {isa = PBXFileReference; fileEncoding = 4; lastKnownFileType = sourcecode.swift; path = "BaseNodeEntity+CoreDataProperties.swift"; sourceTree = "<group>"; };
		C8F55CA81CFC323000208F88 /* BaseNodeEntity.swift */ = {isa = PBXFileReference; fileEncoding = 4; lastKnownFileType = sourcecode.swift; path = BaseNodeEntity.swift; sourceTree = "<group>"; };
		C8F55CA91CFC323000208F88 /* GraphCloudEntity+CoreDataProperties.swift */ = {isa = PBXFileReference; fileEncoding = 4; lastKnownFileType = sourcecode.swift; path = "GraphCloudEntity+CoreDataProperties.swift"; sourceTree = "<group>"; };
		C8F55CAA1CFC323000208F88 /* GraphCloudEntity.swift */ = {isa = PBXFileReference; fileEncoding = 4; lastKnownFileType = sourcecode.swift; path = GraphCloudEntity.swift; sourceTree = "<group>"; };
		C8F55CAB1CFC323000208F88 /* BrainNodeEntity+CoreDataProperties.swift */ = {isa = PBXFileReference; fileEncoding = 4; lastKnownFileType = sourcecode.swift; path = "BrainNodeEntity+CoreDataProperties.swift"; sourceTree = "<group>"; };
		C8F55CAC1CFC323000208F88 /* BrainNodeEntity.swift */ = {isa = PBXFileReference; fileEncoding = 4; lastKnownFileType = sourcecode.swift; path = BrainNodeEntity.swift; sourceTree = "<group>"; };
		C8F55CAD1CFC323000208F88 /* SkillNodeEntity+CoreDataProperties.swift */ = {isa = PBXFileReference; fileEncoding = 4; lastKnownFileType = sourcecode.swift; path = "SkillNodeEntity+CoreDataProperties.swift"; sourceTree = "<group>"; };
		C8F55CAE1CFC323000208F88 /* SkillNodeEntity.swift */ = {isa = PBXFileReference; fileEncoding = 4; lastKnownFileType = sourcecode.swift; path = SkillNodeEntity.swift; sourceTree = "<group>"; };
		C8FF6EFF1CB3F9F5000B276E /* AnyAPI.swift */ = {isa = PBXFileReference; fileEncoding = 4; lastKnownFileType = sourcecode.swift; path = AnyAPI.swift; sourceTree = "<group>"; };
		FE0522B11CAEEF8000315468 /* CloudViewController.swift */ = {isa = PBXFileReference; fileEncoding = 4; lastKnownFileType = sourcecode.swift; path = CloudViewController.swift; sourceTree = "<group>"; };
		FE0522D71CAFE46600315468 /* SpriteKit.framework */ = {isa = PBXFileReference; lastKnownFileType = wrapper.framework; name = SpriteKit.framework; path = System/Library/Frameworks/SpriteKit.framework; sourceTree = SDKROOT; };
		FE0522DA1CAFE5CC00315468 /* CloudGraphScene.sks */ = {isa = PBXFileReference; lastKnownFileType = file.sks; path = CloudGraphScene.sks; sourceTree = "<group>"; };
		FE0522DC1CAFE69500315468 /* CloudGraphScene.swift */ = {isa = PBXFileReference; fileEncoding = 4; lastKnownFileType = sourcecode.swift; path = CloudGraphScene.swift; sourceTree = "<group>"; };
		FE0522DF1CB0157800315468 /* BrainNode.swift */ = {isa = PBXFileReference; fileEncoding = 4; lastKnownFileType = sourcecode.swift; path = BrainNode.swift; sourceTree = "<group>"; };
		FE0522E11CB01BBF00315468 /* Node.swift */ = {isa = PBXFileReference; fileEncoding = 4; lastKnownFileType = sourcecode.swift; path = Node.swift; sourceTree = "<group>"; };
		FE0522E51CB02D6600315468 /* all_base_nodes.json */ = {isa = PBXFileReference; fileEncoding = 4; lastKnownFileType = text.json; path = all_base_nodes.json; sourceTree = "<group>"; };
		FE1CDFEA1C9DDCF40043485B /* SkillCollectionViewCell.swift */ = {isa = PBXFileReference; fileEncoding = 4; lastKnownFileType = sourcecode.swift; path = SkillCollectionViewCell.swift; sourceTree = "<group>"; };
		FE1FFCAE1D258B5A00E6F6C6 /* RootTabBarViewController.swift */ = {isa = PBXFileReference; fileEncoding = 4; lastKnownFileType = sourcecode.swift; path = RootTabBarViewController.swift; sourceTree = "<group>"; };
		FE2151441D1F3435005BC8B1 /* CloudContainer.swift */ = {isa = PBXFileReference; fileEncoding = 4; lastKnownFileType = sourcecode.swift; path = CloudContainer.swift; sourceTree = "<group>"; };
		FE2E6BE61D16963600B86D8A /* SkillCloud.entitlements */ = {isa = PBXFileReference; lastKnownFileType = text.xml; name = SkillCloud.entitlements; path = ../SkillCloud.entitlements; sourceTree = "<group>"; };
		FE2E6BE71D16982900B86D8A /* CloudKit.framework */ = {isa = PBXFileReference; lastKnownFileType = wrapper.framework; name = CloudKit.framework; path = System/Library/Frameworks/CloudKit.framework; sourceTree = SDKROOT; };
		FE31DAEA1C9CA1240006D9EE /* CanvasBoard.swift */ = {isa = PBXFileReference; fileEncoding = 4; lastKnownFileType = sourcecode.swift; path = CanvasBoard.swift; sourceTree = "<group>"; };
		FE31DAEB1C9CA1240006D9EE /* Field.swift */ = {isa = PBXFileReference; fileEncoding = 4; lastKnownFileType = sourcecode.swift; path = Field.swift; sourceTree = "<group>"; };
		FE31DAEC1C9CA1240006D9EE /* Place.swift */ = {isa = PBXFileReference; fileEncoding = 4; lastKnownFileType = sourcecode.swift; path = Place.swift; sourceTree = "<group>"; };
		FE31DAED1C9CA1240006D9EE /* Position.swift */ = {isa = PBXFileReference; fileEncoding = 4; lastKnownFileType = sourcecode.swift; path = Position.swift; sourceTree = "<group>"; };
		FE31DAEE1C9CA1240006D9EE /* Skill.swift */ = {isa = PBXFileReference; fileEncoding = 4; lastKnownFileType = sourcecode.swift; path = Skill.swift; sourceTree = "<group>"; };
		FE31DAF01C9CA1240006D9EE /* AppDelegate.swift */ = {isa = PBXFileReference; fileEncoding = 4; lastKnownFileType = sourcecode.swift; path = AppDelegate.swift; sourceTree = "<group>"; };
		FE31DAF11C9CA1240006D9EE /* CommonExtensions.swift */ = {isa = PBXFileReference; fileEncoding = 4; lastKnownFileType = sourcecode.swift; path = CommonExtensions.swift; sourceTree = "<group>"; };
		FE31DAF21C9CA1240006D9EE /* ImagesAPI.swift */ = {isa = PBXFileReference; fileEncoding = 4; lastKnownFileType = sourcecode.swift; path = ImagesAPI.swift; sourceTree = "<group>"; };
		FE31DAF61C9CA1240006D9EE /* GeneratorViewController.swift */ = {isa = PBXFileReference; fileEncoding = 4; lastKnownFileType = sourcecode.swift; path = GeneratorViewController.swift; sourceTree = "<group>"; };
		FE31DAF81C9CA1240006D9EE /* CanvasView.swift */ = {isa = PBXFileReference; fileEncoding = 4; lastKnownFileType = sourcecode.swift; path = CanvasView.swift; sourceTree = "<group>"; };
		FE31DAF91C9CA1240006D9EE /* PossiblePlaceView.swift */ = {isa = PBXFileReference; fileEncoding = 4; lastKnownFileType = sourcecode.swift; path = PossiblePlaceView.swift; sourceTree = "<group>"; };
		FE31DAFA1C9CA1240006D9EE /* SkillTableViewCell.swift */ = {isa = PBXFileReference; fileEncoding = 4; lastKnownFileType = sourcecode.swift; path = SkillTableViewCell.swift; sourceTree = "<group>"; };
		FE31DB011C9CA1240006D9EE /* Base */ = {isa = PBXFileReference; lastKnownFileType = file.storyboard; name = Base; path = Base.lproj/LaunchScreen.storyboard; sourceTree = "<group>"; };
		FE31DB031C9CA1240006D9EE /* Base */ = {isa = PBXFileReference; lastKnownFileType = file.storyboard; name = Base; path = Base.lproj/Main.storyboard; sourceTree = "<group>"; };
		FE31DB051C9CA1240006D9EE /* OccupiedPlaceView.xib */ = {isa = PBXFileReference; fileEncoding = 4; lastKnownFileType = file.xib; path = OccupiedPlaceView.xib; sourceTree = "<group>"; };
		FE31DB061C9CA1240006D9EE /* PossiblePlaceView.xib */ = {isa = PBXFileReference; fileEncoding = 4; lastKnownFileType = file.xib; path = PossiblePlaceView.xib; sourceTree = "<group>"; };
		FE31DB081C9CA1240006D9EE /* Info.plist */ = {isa = PBXFileReference; fileEncoding = 4; lastKnownFileType = text.plist.xml; path = Info.plist; sourceTree = "<group>"; };
		FE31DB1F1C9CA1DC0006D9EE /* SkillCloud.xcdatamodel */ = {isa = PBXFileReference; lastKnownFileType = wrapper.xcdatamodel; path = SkillCloud.xcdatamodel; sourceTree = "<group>"; };
		FE32AB0F1D271CBF0099B8B6 /* CloudSelectionViewController.swift */ = {isa = PBXFileReference; fileEncoding = 4; lastKnownFileType = sourcecode.swift; path = CloudSelectionViewController.swift; sourceTree = "<group>"; };
		FE32AB111D271DEF0099B8B6 /* CloudSelectScene.sks */ = {isa = PBXFileReference; lastKnownFileType = file.sks; path = CloudSelectScene.sks; sourceTree = "<group>"; };
		FE60C9E61D22C34C001129C8 /* CloudKit+Promises.swift */ = {isa = PBXFileReference; fileEncoding = 4; lastKnownFileType = sourcecode.swift; path = "CloudKit+Promises.swift"; sourceTree = "<group>"; };
		FE60C9E81D22C4EE001129C8 /* ImageAsset.swift */ = {isa = PBXFileReference; fileEncoding = 4; lastKnownFileType = sourcecode.swift; path = ImageAsset.swift; sourceTree = "<group>"; };
		FE6E688D1D1FD4BC00A72022 /* CloudSkillsViewController.swift */ = {isa = PBXFileReference; fileEncoding = 4; lastKnownFileType = sourcecode.swift; path = CloudSkillsViewController.swift; sourceTree = "<group>"; };
		FE712CAE1D15CA0B00C954CA /* ExperienceSelectNode.swift */ = {isa = PBXFileReference; fileEncoding = 4; lastKnownFileType = sourcecode.swift; path = ExperienceSelectNode.swift; sourceTree = "<group>"; };
		FE766D351C9D80010079CA29 /* DataManager.swift */ = {isa = PBXFileReference; fileEncoding = 4; lastKnownFileType = sourcecode.swift; path = DataManager.swift; sourceTree = "<group>"; };
		FE766D3F1C9D82780079CA29 /* SkillEntity+CoreDataProperties.swift */ = {isa = PBXFileReference; fileEncoding = 4; lastKnownFileType = sourcecode.swift; path = "SkillEntity+CoreDataProperties.swift"; sourceTree = "<group>"; };
		FE766D401C9D82780079CA29 /* SkillEntity.swift */ = {isa = PBXFileReference; fileEncoding = 4; lastKnownFileType = sourcecode.swift; path = SkillEntity.swift; sourceTree = "<group>"; };
		FE9F6EDD1D283433008B3BC3 /* CloudSelectScene.swift */ = {isa = PBXFileReference; fileEncoding = 4; lastKnownFileType = sourcecode.swift; path = CloudSelectScene.swift; sourceTree = "<group>"; };
		FE9F6EDF1D2849FD008B3BC3 /* CloudNode.swift */ = {isa = PBXFileReference; fileEncoding = 4; lastKnownFileType = sourcecode.swift; path = CloudNode.swift; sourceTree = "<group>"; };
		FE9F6EE21D284E9F008B3BC3 /* CGStructures+Convenience.swift */ = {isa = PBXFileReference; fileEncoding = 4; lastKnownFileType = sourcecode.swift; path = "CGStructures+Convenience.swift"; sourceTree = "<group>"; };
		FE9F6EE41D284EE3008B3BC3 /* UIColor+Extensions.swift */ = {isa = PBXFileReference; fileEncoding = 4; lastKnownFileType = sourcecode.swift; path = "UIColor+Extensions.swift"; sourceTree = "<group>"; };
		FE9F6EE61D284F15008B3BC3 /* Array+Extensions.swift */ = {isa = PBXFileReference; fileEncoding = 4; lastKnownFileType = sourcecode.swift; path = "Array+Extensions.swift"; sourceTree = "<group>"; };
		FE9F6EEA1D28500C008B3BC3 /* CocoaLumberjack.swift */ = {isa = PBXFileReference; fileEncoding = 4; lastKnownFileType = sourcecode.swift; path = CocoaLumberjack.swift; sourceTree = "<group>"; };
		FE9F6EEC1D285031008B3BC3 /* UIImage+RBResizer.swift */ = {isa = PBXFileReference; fileEncoding = 4; lastKnownFileType = sourcecode.swift; path = "UIImage+RBResizer.swift"; sourceTree = "<group>"; };
		FEB88E731CB6FD8500EED249 /* Assets.xcassets */ = {isa = PBXFileReference; lastKnownFileType = folder.assetcatalog; path = Assets.xcassets; sourceTree = "<group>"; };
		FEB96C551CFB3B2B000BA362 /* CloudExportViewController.swift */ = {isa = PBXFileReference; fileEncoding = 4; lastKnownFileType = sourcecode.swift; path = CloudExportViewController.swift; sourceTree = "<group>"; };
		FEB96C571CFB5D53000BA362 /* ConstantsAndDefines.swift */ = {isa = PBXFileReference; fileEncoding = 4; lastKnownFileType = sourcecode.swift; path = ConstantsAndDefines.swift; sourceTree = "<group>"; };
		FEE50A9F1D2493F70024060D /* CKRecordMappable.swift */ = {isa = PBXFileReference; fileEncoding = 4; lastKnownFileType = sourcecode.swift; path = CKRecordMappable.swift; sourceTree = "<group>"; };
		FEE50AA11D2494100024060D /* CKRecordConvertible.swift */ = {isa = PBXFileReference; fileEncoding = 4; lastKnownFileType = sourcecode.swift; path = CKRecordConvertible.swift; sourceTree = "<group>"; };
		FEE50AA31D24941E0024060D /* CKRecordSyncable.swift */ = {isa = PBXFileReference; fileEncoding = 4; lastKnownFileType = sourcecode.swift; path = CKRecordSyncable.swift; sourceTree = "<group>"; };
/* End PBXFileReference section */

/* Begin PBXFrameworksBuildPhase section */
		C8A4A0401C981B6C004E055D /* Frameworks */ = {
			isa = PBXFrameworksBuildPhase;
			buildActionMask = 2147483647;
			files = (
				FE2E6BE81D16982900B86D8A /* CloudKit.framework in Frameworks */,
				FE0522D81CAFE46600315468 /* SpriteKit.framework in Frameworks */,
				0EBD292BB6568C34F93754EC /* Pods_SkillCloud.framework in Frameworks */,
			);
			runOnlyForDeploymentPostprocessing = 0;
		};
/* End PBXFrameworksBuildPhase section */

/* Begin PBXGroup section */
		535E56388DA760F8FAA213BA /* Pods */ = {
			isa = PBXGroup;
			children = (
				475C05D26AD5AF1583C89837 /* Pods-SkillCloud.debug.xcconfig */,
				1712187C40B694294151165F /* Pods-SkillCloud.release.xcconfig */,
			);
			name = Pods;
			sourceTree = "<group>";
		};
		7493D99371A43512DBFF49BD /* Frameworks */ = {
			isa = PBXGroup;
			children = (
				FE2E6BE71D16982900B86D8A /* CloudKit.framework */,
				FE0522D71CAFE46600315468 /* SpriteKit.framework */,
				0973088A39C9FDA46F42FEC2 /* Pods_SkillCloud.framework */,
			);
			name = Frameworks;
			sourceTree = "<group>";
		};
		C8A4A03A1C981B6C004E055D = {
			isa = PBXGroup;
			children = (
				FE31DAE71C9CA1240006D9EE /* SkillCloud */,
				7493D99371A43512DBFF49BD /* Frameworks */,
				C8A4A0441C981B6C004E055D /* Products */,
				535E56388DA760F8FAA213BA /* Pods */,
			);
			sourceTree = "<group>";
		};
		C8A4A0441C981B6C004E055D /* Products */ = {
			isa = PBXGroup;
			children = (
				C8A4A0431C981B6C004E055D /* SkillCloud.app */,
			);
			name = Products;
			sourceTree = "<group>";
		};
		FE0522D91CAFE58400315468 /* SpriteKit */ = {
			isa = PBXGroup;
			children = (
				FE0522DE1CB0155A00315468 /* Nodes */,
				FE9F6EDD1D283433008B3BC3 /* CloudSelectScene.swift */,
				FE32AB111D271DEF0099B8B6 /* CloudSelectScene.sks */,
				FE0522DA1CAFE5CC00315468 /* CloudGraphScene.sks */,
				C8DF6D271CC503A0009CDBFA /* AddScene.sks */,
				C8DF6D251CC5033F009CDBFA /* AddScene.swift */,
				FE0522DC1CAFE69500315468 /* CloudGraphScene.swift */,
			);
			path = SpriteKit;
			sourceTree = "<group>";
		};
		FE0522DE1CB0155A00315468 /* Nodes */ = {
			isa = PBXGroup;
			children = (
				FE0522DF1CB0157800315468 /* BrainNode.swift */,
				C8F55CA51CFC264300208F88 /* SkillNode.swift */,
				C863048D1CC6417E002C068C /* EditSkillNode.swift */,
				FE712CAE1D15CA0B00C954CA /* ExperienceSelectNode.swift */,
				FE9F6EDF1D2849FD008B3BC3 /* CloudNode.swift */,
			);
			path = Nodes;
			sourceTree = "<group>";
		};
		FE0522E41CB02D6600315468 /* Patterns */ = {
			isa = PBXGroup;
			children = (
				FE0522E51CB02D6600315468 /* all_base_nodes.json */,
			);
			path = Patterns;
			sourceTree = "<group>";
		};
		FE2151431D1F3402005BC8B1 /* CloudKit */ = {
			isa = PBXGroup;
			children = (
				FE2151441D1F3435005BC8B1 /* CloudContainer.swift */,
				FE60C9E61D22C34C001129C8 /* CloudKit+Promises.swift */,
				FEE50A9F1D2493F70024060D /* CKRecordMappable.swift */,
				FEE50AA11D2494100024060D /* CKRecordConvertible.swift */,
				FEE50AA31D24941E0024060D /* CKRecordSyncable.swift */,
			);
			path = CloudKit;
			sourceTree = "<group>";
		};
		FE31DAE71C9CA1240006D9EE /* SkillCloud */ = {
			isa = PBXGroup;
			children = (
				FE31DAE81C9CA1240006D9EE /* Classes */,
				FE31DAFB1C9CA1240006D9EE /* Resources */,
				FE31DB071C9CA1240006D9EE /* Supporting Files */,
			);
			path = SkillCloud;
			sourceTree = "<group>";
		};
		FE31DAE81C9CA1240006D9EE /* Classes */ = {
			isa = PBXGroup;
			children = (
				FE31DAE91C9CA1240006D9EE /* Model */,
				FE31DAF71C9CA1240006D9EE /* Views */,
				FE31DAF31C9CA1240006D9EE /* View Controllers */,
				FE31DAEF1C9CA1240006D9EE /* Other */,
			);
			path = Classes;
			sourceTree = "<group>";
		};
		FE31DAE91C9CA1240006D9EE /* Model */ = {
			isa = PBXGroup;
			children = (
				FE2151431D1F3402005BC8B1 /* CloudKit */,
				FE766D331C9D7FDD0079CA29 /* CoreData */,
				FE31DAEA1C9CA1240006D9EE /* CanvasBoard.swift */,
				FE31DAEB1C9CA1240006D9EE /* Field.swift */,
				FE31DAEC1C9CA1240006D9EE /* Place.swift */,
				FE31DAED1C9CA1240006D9EE /* Position.swift */,
				FE31DAEE1C9CA1240006D9EE /* Skill.swift */,
				FE60C9E81D22C4EE001129C8 /* ImageAsset.swift */,
				FE0522E11CB01BBF00315468 /* Node.swift */,
				C80A91901CB5208200529F0B /* GoogleImage.swift */,
			);
			path = Model;
			sourceTree = "<group>";
		};
		FE31DAEF1C9CA1240006D9EE /* Other */ = {
			isa = PBXGroup;
			children = (
				FE0522D91CAFE58400315468 /* SpriteKit */,
				FE9F6EE11D284E27008B3BC3 /* Categories */,
				FE9F6EE91D28500C008B3BC3 /* Externals */,
				FE31DAF01C9CA1240006D9EE /* AppDelegate.swift */,
				FE31DAF11C9CA1240006D9EE /* CommonExtensions.swift */,
				C8FF6EFF1CB3F9F5000B276E /* AnyAPI.swift */,
				FEB96C571CFB5D53000BA362 /* ConstantsAndDefines.swift */,
				FE31DAF21C9CA1240006D9EE /* ImagesAPI.swift */,
			);
			path = Other;
			sourceTree = "<group>";
		};
		FE31DAF31C9CA1240006D9EE /* View Controllers */ = {
			isa = PBXGroup;
			children = (
				C86304911CC646B1002C068C /* SkillsViewController.swift */,
				C8DF6D231CC5017A009CDBFA /* AddViewController.swift */,
				FE0522B11CAEEF8000315468 /* CloudViewController.swift */,
				FEB96C551CFB3B2B000BA362 /* CloudExportViewController.swift */,
				C88EB4851CB5050D002B9592 /* GoogleImagesCollectionViewController.swift */,
				FE31DAF61C9CA1240006D9EE /* GeneratorViewController.swift */,
				FE6E688D1D1FD4BC00A72022 /* CloudSkillsViewController.swift */,
				FE1FFCAE1D258B5A00E6F6C6 /* RootTabBarViewController.swift */,
				FE32AB0F1D271CBF0099B8B6 /* CloudSelectionViewController.swift */,
			);
			path = "View Controllers";
			sourceTree = "<group>";
		};
		FE31DAF71C9CA1240006D9EE /* Views */ = {
			isa = PBXGroup;
			children = (
				FE31DAFA1C9CA1240006D9EE /* SkillTableViewCell.swift */,
				FE1CDFEA1C9DDCF40043485B /* SkillCollectionViewCell.swift */,
				C80A918E1CB5206800529F0B /* GoogleImageCollectionViewCell.swift */,
				FE31DAF81C9CA1240006D9EE /* CanvasView.swift */,
				FE31DAF91C9CA1240006D9EE /* PossiblePlaceView.swift */,
			);
			path = Views;
			sourceTree = "<group>";
		};
		FE31DAFB1C9CA1240006D9EE /* Resources */ = {
			isa = PBXGroup;
			children = (
				FEB88E731CB6FD8500EED249 /* Assets.xcassets */,
				FE0522E41CB02D6600315468 /* Patterns */,
				FE31DAFF1C9CA1240006D9EE /* Storyboards */,
				FE31DB041C9CA1240006D9EE /* XIBs */,
				FE31DB1E1C9CA1DC0006D9EE /* SkillCloud.xcdatamodeld */,
			);
			path = Resources;
			sourceTree = "<group>";
		};
		FE31DAFF1C9CA1240006D9EE /* Storyboards */ = {
			isa = PBXGroup;
			children = (
				FE31DB001C9CA1240006D9EE /* LaunchScreen.storyboard */,
				FE31DB021C9CA1240006D9EE /* Main.storyboard */,
				C88EB4871CB50580002B9592 /* GoogleImages.storyboard */,
			);
			path = Storyboards;
			sourceTree = "<group>";
		};
		FE31DB041C9CA1240006D9EE /* XIBs */ = {
			isa = PBXGroup;
			children = (
				FE31DB051C9CA1240006D9EE /* OccupiedPlaceView.xib */,
				FE31DB061C9CA1240006D9EE /* PossiblePlaceView.xib */,
			);
			path = XIBs;
			sourceTree = "<group>";
		};
		FE31DB071C9CA1240006D9EE /* Supporting Files */ = {
			isa = PBXGroup;
			children = (
				FE2E6BE61D16963600B86D8A /* SkillCloud.entitlements */,
				FE31DB081C9CA1240006D9EE /* Info.plist */,
			);
			path = "Supporting Files";
			sourceTree = "<group>";
		};
		FE766D331C9D7FDD0079CA29 /* CoreData */ = {
			isa = PBXGroup;
			children = (
				FE766D341C9D7FDD0079CA29 /* Generated */,
				FE766D351C9D80010079CA29 /* DataManager.swift */,
			);
			path = CoreData;
			sourceTree = "<group>";
		};
		FE766D341C9D7FDD0079CA29 /* Generated */ = {
			isa = PBXGroup;
			children = (
				C8F55CA71CFC323000208F88 /* BaseNodeEntity+CoreDataProperties.swift */,
				C8F55CA81CFC323000208F88 /* BaseNodeEntity.swift */,
				C8F55CA91CFC323000208F88 /* GraphCloudEntity+CoreDataProperties.swift */,
				C8F55CAA1CFC323000208F88 /* GraphCloudEntity.swift */,
				C8F55CAB1CFC323000208F88 /* BrainNodeEntity+CoreDataProperties.swift */,
				C8F55CAC1CFC323000208F88 /* BrainNodeEntity.swift */,
				C8F55CAD1CFC323000208F88 /* SkillNodeEntity+CoreDataProperties.swift */,
				C8F55CAE1CFC323000208F88 /* SkillNodeEntity.swift */,
				FE766D3F1C9D82780079CA29 /* SkillEntity+CoreDataProperties.swift */,
				FE766D401C9D82780079CA29 /* SkillEntity.swift */,
			);
			path = Generated;
			sourceTree = "<group>";
		};
		FE9F6EE11D284E27008B3BC3 /* Categories */ = {
			isa = PBXGroup;
			children = (
				FE9F6EEC1D285031008B3BC3 /* UIImage+RBResizer.swift */,
				FE9F6EE21D284E9F008B3BC3 /* CGStructures+Convenience.swift */,
				FE9F6EE41D284EE3008B3BC3 /* UIColor+Extensions.swift */,
				FE9F6EE61D284F15008B3BC3 /* Array+Extensions.swift */,
			);
			path = Categories;
			sourceTree = "<group>";
		};
		FE9F6EE91D28500C008B3BC3 /* Externals */ = {
			isa = PBXGroup;
			children = (
				FE9F6EEA1D28500C008B3BC3 /* CocoaLumberjack.swift */,
			);
			path = Externals;
			sourceTree = "<group>";
		};
/* End PBXGroup section */

/* Begin PBXNativeTarget section */
		C8A4A0421C981B6C004E055D /* SkillCloud */ = {
			isa = PBXNativeTarget;
			buildConfigurationList = C8A4A0581C981B6C004E055D /* Build configuration list for PBXNativeTarget "SkillCloud" */;
			buildPhases = (
				1A3825BC2F3E47B9A22B961D /* [CP] Check Pods Manifest.lock */,
				C8A4A03F1C981B6C004E055D /* Sources */,
				C8A4A0401C981B6C004E055D /* Frameworks */,
				C8A4A0411C981B6C004E055D /* Resources */,
				FEAFD1271C9DB27A00E94633 /* Embed Frameworks */,
				50E6C393C04C4CA7E99BD838 /* [CP] Embed Pods Frameworks */,
				2F9519E5FFF9D45FD56AE7CA /* [CP] Copy Pods Resources */,
			);
			buildRules = (
			);
			dependencies = (
			);
			name = SkillCloud;
			productName = SkillCloud;
			productReference = C8A4A0431C981B6C004E055D /* SkillCloud.app */;
			productType = "com.apple.product-type.application";
		};
/* End PBXNativeTarget section */

/* Begin PBXProject section */
		C8A4A03B1C981B6C004E055D /* Project object */ = {
			isa = PBXProject;
			attributes = {
				LastSwiftUpdateCheck = 0720;
				LastUpgradeCheck = 0730;
				ORGANIZATIONNAME = amichnia;
				TargetAttributes = {
					C8A4A0421C981B6C004E055D = {
						CreatedOnToolsVersion = 7.2;
						DevelopmentTeam = YYAKJ5SR76;
						SystemCapabilities = {
							com.apple.iCloud = {
								enabled = 1;
							};
						};
					};
				};
			};
			buildConfigurationList = C8A4A03E1C981B6C004E055D /* Build configuration list for PBXProject "SkillCloud" */;
			compatibilityVersion = "Xcode 3.2";
			developmentRegion = English;
			hasScannedForEncodings = 0;
			knownRegions = (
				en,
				Base,
			);
			mainGroup = C8A4A03A1C981B6C004E055D;
			productRefGroup = C8A4A0441C981B6C004E055D /* Products */;
			projectDirPath = "";
			projectRoot = "";
			targets = (
				C8A4A0421C981B6C004E055D /* SkillCloud */,
			);
		};
/* End PBXProject section */

/* Begin PBXResourcesBuildPhase section */
		C8A4A0411C981B6C004E055D /* Resources */ = {
			isa = PBXResourcesBuildPhase;
			buildActionMask = 2147483647;
			files = (
				C8DF6D281CC503A0009CDBFA /* AddScene.sks in Resources */,
				FE31DB1A1C9CA1240006D9EE /* Main.storyboard in Resources */,
				C88EB4881CB50580002B9592 /* GoogleImages.storyboard in Resources */,
				FE31DB1B1C9CA1240006D9EE /* OccupiedPlaceView.xib in Resources */,
				FE32AB121D271DEF0099B8B6 /* CloudSelectScene.sks in Resources */,
				FE0522E61CB02D6600315468 /* all_base_nodes.json in Resources */,
				FE31DB1C1C9CA1240006D9EE /* PossiblePlaceView.xib in Resources */,
				FE0522DB1CAFE5CC00315468 /* CloudGraphScene.sks in Resources */,
				FEB88E741CB6FD8500EED249 /* Assets.xcassets in Resources */,
				FE31DB191C9CA1240006D9EE /* LaunchScreen.storyboard in Resources */,
			);
			runOnlyForDeploymentPostprocessing = 0;
		};
/* End PBXResourcesBuildPhase section */

/* Begin PBXShellScriptBuildPhase section */
		1A3825BC2F3E47B9A22B961D /* [CP] Check Pods Manifest.lock */ = {
			isa = PBXShellScriptBuildPhase;
			buildActionMask = 2147483647;
			files = (
			);
			inputPaths = (
			);
			name = "[CP] Check Pods Manifest.lock";
			outputPaths = (
			);
			runOnlyForDeploymentPostprocessing = 0;
			shellPath = /bin/sh;
			shellScript = "diff \"${PODS_ROOT}/../Podfile.lock\" \"${PODS_ROOT}/Manifest.lock\" > /dev/null\nif [[ $? != 0 ]] ; then\n    cat << EOM\nerror: The sandbox is not in sync with the Podfile.lock. Run 'pod install' or update your CocoaPods installation.\nEOM\n    exit 1\nfi\n";
			showEnvVarsInLog = 0;
		};
		2F9519E5FFF9D45FD56AE7CA /* [CP] Copy Pods Resources */ = {
			isa = PBXShellScriptBuildPhase;
			buildActionMask = 2147483647;
			files = (
			);
			inputPaths = (
			);
			name = "[CP] Copy Pods Resources";
			outputPaths = (
			);
			runOnlyForDeploymentPostprocessing = 0;
			shellPath = /bin/sh;
			shellScript = "\"${SRCROOT}/Pods/Target Support Files/Pods-SkillCloud/Pods-SkillCloud-resources.sh\"\n";
			showEnvVarsInLog = 0;
		};
		50E6C393C04C4CA7E99BD838 /* [CP] Embed Pods Frameworks */ = {
			isa = PBXShellScriptBuildPhase;
			buildActionMask = 2147483647;
			files = (
			);
			inputPaths = (
			);
			name = "[CP] Embed Pods Frameworks";
			outputPaths = (
			);
			runOnlyForDeploymentPostprocessing = 0;
			shellPath = /bin/sh;
			shellScript = "\"${SRCROOT}/Pods/Target Support Files/Pods-SkillCloud/Pods-SkillCloud-frameworks.sh\"\n";
			showEnvVarsInLog = 0;
		};
/* End PBXShellScriptBuildPhase section */

/* Begin PBXSourcesBuildPhase section */
		C8A4A03F1C981B6C004E055D /* Sources */ = {
			isa = PBXSourcesBuildPhase;
			buildActionMask = 2147483647;
			files = (
				C8DF6D261CC5033F009CDBFA /* AddScene.swift in Sources */,
				FEE50AA01D2493F70024060D /* CKRecordMappable.swift in Sources */,
				FE31DB201C9CA1DC0006D9EE /* SkillCloud.xcdatamodeld in Sources */,
				C80A918F1CB5206800529F0B /* GoogleImageCollectionViewCell.swift in Sources */,
				FE0522E21CB01BBF00315468 /* Node.swift in Sources */,
				FE766D361C9D80010079CA29 /* DataManager.swift in Sources */,
				FEE50AA21D2494100024060D /* CKRecordConvertible.swift in Sources */,
				FE31DB0E1C9CA1240006D9EE /* AppDelegate.swift in Sources */,
				C8F55CB31CFC323000208F88 /* BrainNodeEntity+CoreDataProperties.swift in Sources */,
				FE0522E01CB0157800315468 /* BrainNode.swift in Sources */,
				FE9F6EED1D285031008B3BC3 /* UIImage+RBResizer.swift in Sources */,
				FE9F6EE51D284EE3008B3BC3 /* UIColor+Extensions.swift in Sources */,
				FE2151451D1F3435005BC8B1 /* CloudContainer.swift in Sources */,
				FE31DB161C9CA1240006D9EE /* SkillTableViewCell.swift in Sources */,
				FE766D421C9D82780079CA29 /* SkillEntity.swift in Sources */,
				FE766D411C9D82780079CA29 /* SkillEntity+CoreDataProperties.swift in Sources */,
				FE31DB151C9CA1240006D9EE /* PossiblePlaceView.swift in Sources */,
				FE0522B21CAEEF8000315468 /* CloudViewController.swift in Sources */,
				C8F55CB11CFC323000208F88 /* GraphCloudEntity+CoreDataProperties.swift in Sources */,
				C8F55CB41CFC323000208F88 /* BrainNodeEntity.swift in Sources */,
				FE60C9E91D22C4EE001129C8 /* ImageAsset.swift in Sources */,
				FE31DB0B1C9CA1240006D9EE /* Place.swift in Sources */,
				FEB96C561CFB3B2B000BA362 /* CloudExportViewController.swift in Sources */,
				C8F55CB01CFC323000208F88 /* BaseNodeEntity.swift in Sources */,
				FEE50AA41D24941E0024060D /* CKRecordSyncable.swift in Sources */,
				FE9F6EE31D284E9F008B3BC3 /* CGStructures+Convenience.swift in Sources */,
				C8F55CA61CFC264300208F88 /* SkillNode.swift in Sources */,
				FE31DB141C9CA1240006D9EE /* CanvasView.swift in Sources */,
				FE31DB0A1C9CA1240006D9EE /* Field.swift in Sources */,
				C80A91911CB5208200529F0B /* GoogleImage.swift in Sources */,
				FE9F6EDE1D283433008B3BC3 /* CloudSelectScene.swift in Sources */,
				FE9F6EE71D284F15008B3BC3 /* Array+Extensions.swift in Sources */,
				C8F55CB51CFC323000208F88 /* SkillNodeEntity+CoreDataProperties.swift in Sources */,
				FE1CDFEB1C9DDCF40043485B /* SkillCollectionViewCell.swift in Sources */,
				C8F55CB21CFC323000208F88 /* GraphCloudEntity.swift in Sources */,
				C8DF6D241CC5017A009CDBFA /* AddViewController.swift in Sources */,
				FE31DB131C9CA1240006D9EE /* GeneratorViewController.swift in Sources */,
				FE9F6EE01D2849FD008B3BC3 /* CloudNode.swift in Sources */,
				FE1FFCAF1D258B5A00E6F6C6 /* RootTabBarViewController.swift in Sources */,
				FEB96C581CFB5D53000BA362 /* ConstantsAndDefines.swift in Sources */,
				FE31DB0D1C9CA1240006D9EE /* Skill.swift in Sources */,
				FE31DB0C1C9CA1240006D9EE /* Position.swift in Sources */,
				C86304921CC646B1002C068C /* SkillsViewController.swift in Sources */,
				FE60C9E71D22C34C001129C8 /* CloudKit+Promises.swift in Sources */,
				C863048E1CC6417E002C068C /* EditSkillNode.swift in Sources */,
				FE0522DD1CAFE69500315468 /* CloudGraphScene.swift in Sources */,
				FE9F6EEB1D28500C008B3BC3 /* CocoaLumberjack.swift in Sources */,
				C8F55CAF1CFC323000208F88 /* BaseNodeEntity+CoreDataProperties.swift in Sources */,
				FE712CAF1D15CA0B00C954CA /* ExperienceSelectNode.swift in Sources */,
				C8F55CB61CFC323000208F88 /* SkillNodeEntity.swift in Sources */,
				C8FF6F001CB3F9F5000B276E /* AnyAPI.swift in Sources */,
				FE6E688E1D1FD4BC00A72022 /* CloudSkillsViewController.swift in Sources */,
				FE31DB101C9CA1240006D9EE /* ImagesAPI.swift in Sources */,
				FE32AB101D271CBF0099B8B6 /* CloudSelectionViewController.swift in Sources */,
				FE31DB091C9CA1240006D9EE /* CanvasBoard.swift in Sources */,
				C88EB4861CB5050D002B9592 /* GoogleImagesCollectionViewController.swift in Sources */,
				FE31DB0F1C9CA1240006D9EE /* CommonExtensions.swift in Sources */,
			);
			runOnlyForDeploymentPostprocessing = 0;
		};
/* End PBXSourcesBuildPhase section */

/* Begin PBXVariantGroup section */
		FE31DB001C9CA1240006D9EE /* LaunchScreen.storyboard */ = {
			isa = PBXVariantGroup;
			children = (
				FE31DB011C9CA1240006D9EE /* Base */,
			);
			name = LaunchScreen.storyboard;
			sourceTree = "<group>";
		};
		FE31DB021C9CA1240006D9EE /* Main.storyboard */ = {
			isa = PBXVariantGroup;
			children = (
				FE31DB031C9CA1240006D9EE /* Base */,
			);
			name = Main.storyboard;
			sourceTree = "<group>";
		};
/* End PBXVariantGroup section */

/* Begin XCBuildConfiguration section */
		C8A4A0561C981B6C004E055D /* Debug */ = {
			isa = XCBuildConfiguration;
			buildSettings = {
				ALWAYS_SEARCH_USER_PATHS = NO;
				CLANG_CXX_LANGUAGE_STANDARD = "gnu++0x";
				CLANG_CXX_LIBRARY = "libc++";
				CLANG_ENABLE_MODULES = YES;
				CLANG_ENABLE_OBJC_ARC = YES;
				CLANG_WARN_BOOL_CONVERSION = YES;
				CLANG_WARN_CONSTANT_CONVERSION = YES;
				CLANG_WARN_DIRECT_OBJC_ISA_USAGE = YES_ERROR;
				CLANG_WARN_EMPTY_BODY = YES;
				CLANG_WARN_ENUM_CONVERSION = YES;
				CLANG_WARN_INT_CONVERSION = YES;
				CLANG_WARN_OBJC_ROOT_CLASS = YES_ERROR;
				CLANG_WARN_UNREACHABLE_CODE = YES;
				CLANG_WARN__DUPLICATE_METHOD_MATCH = YES;
				"CODE_SIGN_IDENTITY[sdk=iphoneos*]" = "iPhone Developer";
				COPY_PHASE_STRIP = NO;
				DEBUG_INFORMATION_FORMAT = dwarf;
				ENABLE_STRICT_OBJC_MSGSEND = YES;
				ENABLE_TESTABILITY = YES;
				GCC_C_LANGUAGE_STANDARD = gnu99;
				GCC_DYNAMIC_NO_PIC = NO;
				GCC_NO_COMMON_BLOCKS = YES;
				GCC_OPTIMIZATION_LEVEL = 0;
				GCC_PREPROCESSOR_DEFINITIONS = (
					"DEBUG=1",
					"$(inherited)",
				);
				GCC_WARN_64_TO_32_BIT_CONVERSION = YES;
				GCC_WARN_ABOUT_RETURN_TYPE = YES_ERROR;
				GCC_WARN_UNDECLARED_SELECTOR = YES;
				GCC_WARN_UNINITIALIZED_AUTOS = YES_AGGRESSIVE;
				GCC_WARN_UNUSED_FUNCTION = YES;
				GCC_WARN_UNUSED_VARIABLE = YES;
				IPHONEOS_DEPLOYMENT_TARGET = 9.2;
				MTL_ENABLE_DEBUG_INFO = YES;
				ONLY_ACTIVE_ARCH = YES;
				SDKROOT = iphoneos;
				SWIFT_OPTIMIZATION_LEVEL = "-Onone";
			};
			name = Debug;
		};
		C8A4A0571C981B6C004E055D /* Release */ = {
			isa = XCBuildConfiguration;
			buildSettings = {
				ALWAYS_SEARCH_USER_PATHS = NO;
				CLANG_CXX_LANGUAGE_STANDARD = "gnu++0x";
				CLANG_CXX_LIBRARY = "libc++";
				CLANG_ENABLE_MODULES = YES;
				CLANG_ENABLE_OBJC_ARC = YES;
				CLANG_WARN_BOOL_CONVERSION = YES;
				CLANG_WARN_CONSTANT_CONVERSION = YES;
				CLANG_WARN_DIRECT_OBJC_ISA_USAGE = YES_ERROR;
				CLANG_WARN_EMPTY_BODY = YES;
				CLANG_WARN_ENUM_CONVERSION = YES;
				CLANG_WARN_INT_CONVERSION = YES;
				CLANG_WARN_OBJC_ROOT_CLASS = YES_ERROR;
				CLANG_WARN_UNREACHABLE_CODE = YES;
				CLANG_WARN__DUPLICATE_METHOD_MATCH = YES;
				"CODE_SIGN_IDENTITY[sdk=iphoneos*]" = "iPhone Developer";
				COPY_PHASE_STRIP = NO;
				DEBUG_INFORMATION_FORMAT = "dwarf-with-dsym";
				ENABLE_NS_ASSERTIONS = NO;
				ENABLE_STRICT_OBJC_MSGSEND = YES;
				GCC_C_LANGUAGE_STANDARD = gnu99;
				GCC_NO_COMMON_BLOCKS = YES;
				GCC_WARN_64_TO_32_BIT_CONVERSION = YES;
				GCC_WARN_ABOUT_RETURN_TYPE = YES_ERROR;
				GCC_WARN_UNDECLARED_SELECTOR = YES;
				GCC_WARN_UNINITIALIZED_AUTOS = YES_AGGRESSIVE;
				GCC_WARN_UNUSED_FUNCTION = YES;
				GCC_WARN_UNUSED_VARIABLE = YES;
				IPHONEOS_DEPLOYMENT_TARGET = 9.2;
				MTL_ENABLE_DEBUG_INFO = NO;
				SDKROOT = iphoneos;
				VALIDATE_PRODUCT = YES;
			};
			name = Release;
		};
		C8A4A0591C981B6C004E055D /* Debug */ = {
			isa = XCBuildConfiguration;
			baseConfigurationReference = 475C05D26AD5AF1583C89837 /* Pods-SkillCloud.debug.xcconfig */;
			buildSettings = {
				ASSETCATALOG_COMPILER_APPICON_NAME = AppIcon;
				CODE_SIGN_ENTITLEMENTS = SkillCloud/SkillCloud.entitlements;
				CODE_SIGN_IDENTITY = "iPhone Developer";
				"CODE_SIGN_IDENTITY[sdk=iphoneos*]" = "iPhone Developer";
				FRAMEWORK_SEARCH_PATHS = "$(inherited)";
				INFOPLIST_FILE = "SkillCloud/Supporting Files/Info.plist";
				IPHONEOS_DEPLOYMENT_TARGET = 9.1;
				LD_RUNPATH_SEARCH_PATHS = "$(inherited) @executable_path/Frameworks";
				PRODUCT_BUNDLE_IDENTIFIER = com.girappe.skillcloud;
				PRODUCT_NAME = SkillCloud;
				PROVISIONING_PROFILE = "";
			};
			name = Debug;
		};
		C8A4A05A1C981B6C004E055D /* Release */ = {
			isa = XCBuildConfiguration;
			baseConfigurationReference = 1712187C40B694294151165F /* Pods-SkillCloud.release.xcconfig */;
			buildSettings = {
				ASSETCATALOG_COMPILER_APPICON_NAME = AppIcon;
				CODE_SIGN_ENTITLEMENTS = SkillCloud/SkillCloud.entitlements;
				CODE_SIGN_IDENTITY = "iPhone Developer";
				"CODE_SIGN_IDENTITY[sdk=iphoneos*]" = "iPhone Developer";
				FRAMEWORK_SEARCH_PATHS = "$(inherited)";
				INFOPLIST_FILE = "SkillCloud/Supporting Files/Info.plist";
				IPHONEOS_DEPLOYMENT_TARGET = 9.1;
				LD_RUNPATH_SEARCH_PATHS = "$(inherited) @executable_path/Frameworks";
				PRODUCT_BUNDLE_IDENTIFIER = com.girappe.skillcloud;
				PRODUCT_NAME = SkillCloud;
				PROVISIONING_PROFILE = "";
			};
			name = Release;
		};
/* End XCBuildConfiguration section */

/* Begin XCConfigurationList section */
		C8A4A03E1C981B6C004E055D /* Build configuration list for PBXProject "SkillCloud" */ = {
			isa = XCConfigurationList;
			buildConfigurations = (
				C8A4A0561C981B6C004E055D /* Debug */,
				C8A4A0571C981B6C004E055D /* Release */,
			);
			defaultConfigurationIsVisible = 0;
			defaultConfigurationName = Release;
		};
		C8A4A0581C981B6C004E055D /* Build configuration list for PBXNativeTarget "SkillCloud" */ = {
			isa = XCConfigurationList;
			buildConfigurations = (
				C8A4A0591C981B6C004E055D /* Debug */,
				C8A4A05A1C981B6C004E055D /* Release */,
			);
			defaultConfigurationIsVisible = 0;
			defaultConfigurationName = Release;
		};
/* End XCConfigurationList section */

/* Begin XCVersionGroup section */
		FE31DB1E1C9CA1DC0006D9EE /* SkillCloud.xcdatamodeld */ = {
			isa = XCVersionGroup;
			children = (
				FE31DB1F1C9CA1DC0006D9EE /* SkillCloud.xcdatamodel */,
			);
			currentVersion = FE31DB1F1C9CA1DC0006D9EE /* SkillCloud.xcdatamodel */;
			path = SkillCloud.xcdatamodeld;
			sourceTree = "<group>";
			versionGroupType = wrapper.xcdatamodel;
		};
/* End XCVersionGroup section */
	};
	rootObject = C8A4A03B1C981B6C004E055D /* Project object */;
}
